Microsoft Visual Studio Solution File, Format Version 12.00
# Visual Studio Version 17
VisualStudioVersion = 17.5.2.0
MinimumVisualStudioVersion = 10.0.40219.1
Project("{FAE04EC0-301F-11D3-BF4B-00C04F79EFBC}") = "BTL backend", "BTL backend.csproj", "{562DA3D9-5AB5-8BD0-8E64-737F00530EAF}"
EndProject
Global
	GlobalSection(SolutionConfigurationPlatforms) = preSolution
		Debug|Any CPU = Debug|Any CPU
		Release|Any CPU = Release|Any CPU
	EndGlobalSection
	GlobalSection(ProjectConfigurationPlatforms) = postSolution
		{562DA3D9-5AB5-8BD0-8E64-737F00530EAF}.Debug|Any CPU.ActiveCfg = Debug|Any CPU
		{562DA3D9-5AB5-8BD0-8E64-737F00530EAF}.Debug|Any CPU.Build.0 = Debug|Any CPU
		{562DA3D9-5AB5-8BD0-8E64-737F00530EAF}.Release|Any CPU.ActiveCfg = Release|Any CPU
		{562DA3D9-5AB5-8BD0-8E64-737F00530EAF}.Release|Any CPU.Build.0 = Release|Any CPU
	EndGlobalSection
	GlobalSection(SolutionProperties) = preSolution
		HideSolutionNode = FALSE
	EndGlobalSection
	GlobalSection(ExtensibilityGlobals) = postSolution
		SolutionGuid = {84822D12-2991-4127-9364-94AA6DF6574A}
	EndGlobalSection
EndGlobal
